
Microsoft Visual Studio Solution File, Format Version 12.00
# Visual Studio 15
VisualStudioVersion = 15.0.28307.106
MinimumVisualStudioVersion = 10.0.40219.1
Project("{FAE04EC0-301F-11D3-BF4B-00C04F79EFBC}") = "OS_kriptiranje", "OS_kriptiranje\OS_kriptiranje.csproj", "{D6586559-8794-4692-A7D2-4137288BBE78}"
EndProject
Global
	GlobalSection(SolutionConfigurationPlatforms) = preSolution
		Debug|Any CPU = Debug|Any CPU
		Release|Any CPU = Release|Any CPU
	EndGlobalSection
	GlobalSection(ProjectConfigurationPlatforms) = postSolution
		{D6586559-8794-4692-A7D2-4137288BBE78}.Debug|Any CPU.ActiveCfg = Debug|Any CPU
		{D6586559-8794-4692-A7D2-4137288BBE78}.Debug|Any CPU.Build.0 = Debug|Any CPU
		{D6586559-8794-4692-A7D2-4137288BBE78}.Release|Any CPU.ActiveCfg = Release|Any CPU
		{D6586559-8794-4692-A7D2-4137288BBE78}.Release|Any CPU.Build.0 = Release|Any CPU
	EndGlobalSection
	GlobalSection(SolutionProperties) = preSolution
		HideSolutionNode = FALSE
	EndGlobalSection
	GlobalSection(ExtensibilityGlobals) = postSolution
		SolutionGuid = {838DFDEB-DCDE-4501-BAD3-8D3B5148228E}
	EndGlobalSection
EndGlobal
